
Microsoft Visual Studio Solution File, Format Version 12.00
# Visual Studio Version 17
VisualStudioVersion = 17.2.32519.379
MinimumVisualStudioVersion = 10.0.40219.1
Project("{2150E333-8FDC-42A3-9474-1A3956D46DE8}") = "ApiGateways", "ApiGateways", "{3D573E22-28B8-4FC3-B204-DF8D72DB0E74}"
EndProject
Project("{2150E333-8FDC-42A3-9474-1A3956D46DE8}") = "Services", "Services", "{7B6B0691-60B8-475C-85FF-92F31A53C395}"
EndProject
Project("{FAE04EC0-301F-11D3-BF4B-00C04F79EFBC}") = "Clinic.Api", "Clinic.Api\Clinic.Api.csproj", "{20A92196-D45E-4AC9-BE73-0D20546CCB46}"
EndProject
Project("{2150E333-8FDC-42A3-9474-1A3956D46DE8}") = "Doctor", "Doctor", "{AF628F10-A173-4497-83B4-182F161E00EA}"
EndProject
Project("{FAE04EC0-301F-11D3-BF4B-00C04F79EFBC}") = "Clinic.Doctor", "Clinic.Doctor\Clinic.Doctor.csproj", "{F755855D-0FC2-4F43-BA70-13A32609CDB3}"
EndProject
Project("{2150E333-8FDC-42A3-9474-1A3956D46DE8}") = "Appointment", "Appointment", "{C8C5DF2C-3D8E-4F08-A30D-52C79C385467}"
EndProject
Project("{2150E333-8FDC-42A3-9474-1A3956D46DE8}") = "Notification", "Notification", "{5F4A53A8-4643-4CBE-953B-957C68C77073}"
EndProject
Project("{FAE04EC0-301F-11D3-BF4B-00C04F79EFBC}") = "Clinic.Notification", "Clinic.Notification\Clinic.Notification.csproj", "{90A334BB-E751-4540-818A-25B062D6BD54}"
EndProject
Project("{2150E333-8FDC-42A3-9474-1A3956D46DE8}") = "Core", "Core", "{34ED2E08-6F46-44A5-A21C-DC6DA9DB1038}"
EndProject
Project("{2150E333-8FDC-42A3-9474-1A3956D46DE8}") = "Application", "Application", "{ACEF9F76-E842-482C-9B9B-F6E5866C11DB}"
EndProject
Project("{2150E333-8FDC-42A3-9474-1A3956D46DE8}") = "Endpoints", "Endpoints", "{7FDDD6B6-D56B-4EAB-B350-F87B63F52F5F}"
EndProject
Project("{FAE04EC0-301F-11D3-BF4B-00C04F79EFBC}") = "Appointment.Domain", "Appointment.Domain\Appointment.Domain.csproj", "{9785ACDD-47B7-4B34-9265-709AE9F56FE4}"
EndProject
Project("{FAE04EC0-301F-11D3-BF4B-00C04F79EFBC}") = "Appointment.Contract", "Appointment.Contract\Appointment.Contract.csproj", "{3E94595F-7E00-4794-A4F0-D424D62B0DF3}"
EndProject
Project("{FAE04EC0-301F-11D3-BF4B-00C04F79EFBC}") = "Appointment.UseCases", "Appointment.UseCases\Appointment.UseCases.csproj", "{495DC0A3-A3E0-46DB-977F-C0BD8539A627}"
EndProject
Project("{FAE04EC0-301F-11D3-BF4B-00C04F79EFBC}") = "Appointment.Services", "Appointment.Services\Appointment.Services.csproj", "{7FE70029-FA5C-4969-8FB9-36A91D31FFCF}"
EndProject
Project("{2150E333-8FDC-42A3-9474-1A3956D46DE8}") = "Infrastructure", "Infrastructure", "{1C1B3137-F64B-4B8C-842B-062B5A9FAE7D}"
EndProject
Project("{FAE04EC0-301F-11D3-BF4B-00C04F79EFBC}") = "Appointment.Data", "Appointment.Data\Appointment.Data.csproj", "{FD365621-AEA7-4404-88E2-AFB34915554B}"
EndProject
Project("{FAE04EC0-301F-11D3-BF4B-00C04F79EFBC}") = "Appointment.Frameworks.EfCore", "Appointment.Frameworks.EfCore\Appointment.Frameworks.EfCore.csproj", "{7B31814E-D4A2-49DD-A9F0-EEA1AD89D121}"
EndProject
Project("{FAE04EC0-301F-11D3-BF4B-00C04F79EFBC}") = "Appointment.Grpc", "Appointment.Grpc\Appointment.Grpc.csproj", "{ED34D35B-7794-4762-B719-4989FBC47BA0}"
EndProject
Global
	GlobalSection(SolutionConfigurationPlatforms) = preSolution
		Debug|Any CPU = Debug|Any CPU
		Release|Any CPU = Release|Any CPU
	EndGlobalSection
	GlobalSection(ProjectConfigurationPlatforms) = postSolution
		{20A92196-D45E-4AC9-BE73-0D20546CCB46}.Debug|Any CPU.ActiveCfg = Debug|Any CPU
		{20A92196-D45E-4AC9-BE73-0D20546CCB46}.Debug|Any CPU.Build.0 = Debug|Any CPU
		{20A92196-D45E-4AC9-BE73-0D20546CCB46}.Release|Any CPU.ActiveCfg = Release|Any CPU
		{20A92196-D45E-4AC9-BE73-0D20546CCB46}.Release|Any CPU.Build.0 = Release|Any CPU
		{F755855D-0FC2-4F43-BA70-13A32609CDB3}.Debug|Any CPU.ActiveCfg = Debug|Any CPU
		{F755855D-0FC2-4F43-BA70-13A32609CDB3}.Debug|Any CPU.Build.0 = Debug|Any CPU
		{F755855D-0FC2-4F43-BA70-13A32609CDB3}.Release|Any CPU.ActiveCfg = Release|Any CPU
		{F755855D-0FC2-4F43-BA70-13A32609CDB3}.Release|Any CPU.Build.0 = Release|Any CPU
		{90A334BB-E751-4540-818A-25B062D6BD54}.Debug|Any CPU.ActiveCfg = Debug|Any CPU
		{90A334BB-E751-4540-818A-25B062D6BD54}.Debug|Any CPU.Build.0 = Debug|Any CPU
		{90A334BB-E751-4540-818A-25B062D6BD54}.Release|Any CPU.ActiveCfg = Release|Any CPU
		{90A334BB-E751-4540-818A-25B062D6BD54}.Release|Any CPU.Build.0 = Release|Any CPU
		{9785ACDD-47B7-4B34-9265-709AE9F56FE4}.Debug|Any CPU.ActiveCfg = Debug|Any CPU
		{9785ACDD-47B7-4B34-9265-709AE9F56FE4}.Debug|Any CPU.Build.0 = Debug|Any CPU
		{9785ACDD-47B7-4B34-9265-709AE9F56FE4}.Release|Any CPU.ActiveCfg = Release|Any CPU
		{9785ACDD-47B7-4B34-9265-709AE9F56FE4}.Release|Any CPU.Build.0 = Release|Any CPU
		{3E94595F-7E00-4794-A4F0-D424D62B0DF3}.Debug|Any CPU.ActiveCfg = Debug|Any CPU
		{3E94595F-7E00-4794-A4F0-D424D62B0DF3}.Debug|Any CPU.Build.0 = Debug|Any CPU
		{3E94595F-7E00-4794-A4F0-D424D62B0DF3}.Release|Any CPU.ActiveCfg = Release|Any CPU
		{3E94595F-7E00-4794-A4F0-D424D62B0DF3}.Release|Any CPU.Build.0 = Release|Any CPU
		{495DC0A3-A3E0-46DB-977F-C0BD8539A627}.Debug|Any CPU.ActiveCfg = Debug|Any CPU
		{495DC0A3-A3E0-46DB-977F-C0BD8539A627}.Debug|Any CPU.Build.0 = Debug|Any CPU
		{495DC0A3-A3E0-46DB-977F-C0BD8539A627}.Release|Any CPU.ActiveCfg = Release|Any CPU
		{495DC0A3-A3E0-46DB-977F-C0BD8539A627}.Release|Any CPU.Build.0 = Release|Any CPU
		{7FE70029-FA5C-4969-8FB9-36A91D31FFCF}.Debug|Any CPU.ActiveCfg = Debug|Any CPU
		{7FE70029-FA5C-4969-8FB9-36A91D31FFCF}.Debug|Any CPU.Build.0 = Debug|Any CPU
		{7FE70029-FA5C-4969-8FB9-36A91D31FFCF}.Release|Any CPU.ActiveCfg = Release|Any CPU
		{7FE70029-FA5C-4969-8FB9-36A91D31FFCF}.Release|Any CPU.Build.0 = Release|Any CPU
		{FD365621-AEA7-4404-88E2-AFB34915554B}.Debug|Any CPU.ActiveCfg = Debug|Any CPU
		{FD365621-AEA7-4404-88E2-AFB34915554B}.Debug|Any CPU.Build.0 = Debug|Any CPU
		{FD365621-AEA7-4404-88E2-AFB34915554B}.Release|Any CPU.ActiveCfg = Release|Any CPU
		{FD365621-AEA7-4404-88E2-AFB34915554B}.Release|Any CPU.Build.0 = Release|Any CPU
		{7B31814E-D4A2-49DD-A9F0-EEA1AD89D121}.Debug|Any CPU.ActiveCfg = Debug|Any CPU
		{7B31814E-D4A2-49DD-A9F0-EEA1AD89D121}.Debug|Any CPU.Build.0 = Debug|Any CPU
		{7B31814E-D4A2-49DD-A9F0-EEA1AD89D121}.Release|Any CPU.ActiveCfg = Release|Any CPU
		{7B31814E-D4A2-49DD-A9F0-EEA1AD89D121}.Release|Any CPU.Build.0 = Release|Any CPU
		{ED34D35B-7794-4762-B719-4989FBC47BA0}.Debug|Any CPU.ActiveCfg = Debug|Any CPU
		{ED34D35B-7794-4762-B719-4989FBC47BA0}.Debug|Any CPU.Build.0 = Debug|Any CPU
		{ED34D35B-7794-4762-B719-4989FBC47BA0}.Release|Any CPU.ActiveCfg = Release|Any CPU
		{ED34D35B-7794-4762-B719-4989FBC47BA0}.Release|Any CPU.Build.0 = Release|Any CPU
	EndGlobalSection
	GlobalSection(SolutionProperties) = preSolution
		HideSolutionNode = FALSE
	EndGlobalSection
	GlobalSection(NestedProjects) = preSolution
		{20A92196-D45E-4AC9-BE73-0D20546CCB46} = {3D573E22-28B8-4FC3-B204-DF8D72DB0E74}
		{AF628F10-A173-4497-83B4-182F161E00EA} = {7B6B0691-60B8-475C-85FF-92F31A53C395}
		{F755855D-0FC2-4F43-BA70-13A32609CDB3} = {AF628F10-A173-4497-83B4-182F161E00EA}
		{C8C5DF2C-3D8E-4F08-A30D-52C79C385467} = {7B6B0691-60B8-475C-85FF-92F31A53C395}
		{5F4A53A8-4643-4CBE-953B-957C68C77073} = {7B6B0691-60B8-475C-85FF-92F31A53C395}
		{90A334BB-E751-4540-818A-25B062D6BD54} = {5F4A53A8-4643-4CBE-953B-957C68C77073}
		{34ED2E08-6F46-44A5-A21C-DC6DA9DB1038} = {C8C5DF2C-3D8E-4F08-A30D-52C79C385467}
		{ACEF9F76-E842-482C-9B9B-F6E5866C11DB} = {C8C5DF2C-3D8E-4F08-A30D-52C79C385467}
		{7FDDD6B6-D56B-4EAB-B350-F87B63F52F5F} = {C8C5DF2C-3D8E-4F08-A30D-52C79C385467}
		{9785ACDD-47B7-4B34-9265-709AE9F56FE4} = {34ED2E08-6F46-44A5-A21C-DC6DA9DB1038}
		{3E94595F-7E00-4794-A4F0-D424D62B0DF3} = {34ED2E08-6F46-44A5-A21C-DC6DA9DB1038}
		{495DC0A3-A3E0-46DB-977F-C0BD8539A627} = {ACEF9F76-E842-482C-9B9B-F6E5866C11DB}
		{7FE70029-FA5C-4969-8FB9-36A91D31FFCF} = {ACEF9F76-E842-482C-9B9B-F6E5866C11DB}
		{1C1B3137-F64B-4B8C-842B-062B5A9FAE7D} = {C8C5DF2C-3D8E-4F08-A30D-52C79C385467}
		{FD365621-AEA7-4404-88E2-AFB34915554B} = {1C1B3137-F64B-4B8C-842B-062B5A9FAE7D}
		{7B31814E-D4A2-49DD-A9F0-EEA1AD89D121} = {1C1B3137-F64B-4B8C-842B-062B5A9FAE7D}
		{ED34D35B-7794-4762-B719-4989FBC47BA0} = {7FDDD6B6-D56B-4EAB-B350-F87B63F52F5F}
	EndGlobalSection
	GlobalSection(ExtensibilityGlobals) = postSolution
		SolutionGuid = {B1434A6B-20FA-4468-884A-99287692D953}
	EndGlobalSection
EndGlobal
